// !$*UTF8*$!
{
	archiveVersion = 1;
	classes = {
	};
	objectVersion = 77;
	objects = {

/* Begin PBXContainerItemProxy section */
		21D4529F2F90C0C500818129 /* PBXContainerItemProxy */ = {
			isa = PBXContainerItemProxy;
			containerPortal = 21D452852F90C0C300818129 /* Project object */;
			proxyType = 1;
			remoteGlobalIDString = 21D4528C2F90C0C300818129;
			remoteInfo = puslefill;
		};
		21D452A92F90C0C500818129 /* PBXContainerItemProxy */ = {
			isa = PBXContainerItemProxy;
			containerPortal = 21D452852F90C0C300818129 /* Project object */;
			proxyType = 1;
			remoteGlobalIDString = 21D4528C2F90C0C300818129;
			remoteInfo = puslefill;
		};
/* End PBXContainerItemProxy section */

/* Begin PBXFileReference section */
		2115DBE52F94950900636523 /* PulseFill.xcodeproj */ = {isa = PBXFileReference; lastKnownFileType = "wrapper.pb-project"; path = PulseFill.xcodeproj; sourceTree = "<group>"; };
		21D4528D2F90C0C300818129 /* puslefill.app */ = {isa = PBXFileReference; explicitFileType = wrapper.application; includeInIndex = 0; path = puslefill.app; sourceTree = BUILT_PRODUCTS_DIR; };
		21D4529E2F90C0C500818129 /* puslefillTests.xctest */ = {isa = PBXFileReference; explicitFileType = wrapper.cfbundle; includeInIndex = 0; path = puslefillTests.xctest; sourceTree = BUILT_PRODUCTS_DIR; };
		21D452A82F90C0C500818129 /* puslefillUITests.xctest */ = {isa = PBXFileReference; explicitFileType = wrapper.cfbundle; includeInIndex = 0; path = puslefillUITests.xctest; sourceTree = BUILT_PRODUCTS_DIR; };
		21D455E82F91BD5700818129 /* PulseFill.xcodeproj */ = {isa = PBXFileReference; lastKnownFileType = "wrapper.pb-project"; path = PulseFill.xcodeproj; sourceTree = "<group>"; };
/* End PBXFileReference section */

/* Begin PBXFileSystemSynchronizedBuildFileExceptionSet section */
		21D452B02F90C0C500818129 /* Exceptions for "puslefill/pulsefill/ios/PulseFill/PulseFill" folder in "puslefill" target */ = {
			isa = PBXFileSystemSynchronizedBuildFileExceptionSet;
			membershipExceptions = (
				Info.plist,
			);
			target = 21D4528C2F90C0C300818129 /* puslefill */;
		};
/* End PBXFileSystemSynchronizedBuildFileExceptionSet section */

/* Begin PBXFileSystemSynchronizedRootGroup section */
		21D4528F2F90C0C300818129 /* puslefill/pulsefill/ios/PulseFill/PulseFill */ = {
			isa = PBXFileSystemSynchronizedRootGroup;
			exceptions = (
				21D452B02F90C0C500818129 /* Exceptions for "puslefill/pulsefill/ios/PulseFill/PulseFill" folder in "puslefill" target */,
			);
			path = puslefill/pulsefill/ios/PulseFill/PulseFill;
			sourceTree = "<group>";
		};
		21D452A12F90C0C500818129 /* puslefillTests */ = {
			isa = PBXFileSystemSynchronizedRootGroup;
			path = puslefillTests;
			sourceTree = "<group>";
		};
		21D452AB2F90C0C500818129 /* puslefillUITests */ = {
			isa = PBXFileSystemSynchronizedRootGroup;
			path = puslefillUITests;
			sourceTree = "<group>";
		};
/* End PBXFileSystemSynchronizedRootGroup section */

/* Begin PBXFrameworksBuildPhase section */
		21D4528A2F90C0C300818129 /* Frameworks */ = {
			isa = PBXFrameworksBuildPhase;
			buildActionMask = 2147483647;
			files = (
			);
			runOnlyForDeploymentPostprocessing = 0;
		};
		21D4529B2F90C0C500818129 /* Frameworks */ = {
			isa = PBXFrameworksBuildPhase;
			buildActionMask = 2147483647;
			files = (
			);
			runOnlyForDeploymentPostprocessing = 0;
		};
		21D452A52F90C0C500818129 /* Frameworks */ = {
			isa = PBXFrameworksBuildPhase;
			buildActionMask = 2147483647;
			files = (
			);
			runOnlyForDeploymentPostprocessing = 0;
		};
/* End PBXFrameworksBuildPhase section */

/* Begin PBXGroup section */
		21151B1C2F94950900636523 /* Products */ = {
			isa = PBXGroup;
			children = (
			);
			name = Products;
			sourceTree = "<group>";
		};
		21D452842F90C0C300818129 = {
			isa = PBXGroup;
			children = (
				21D4528F2F90C0C300818129 /* puslefill/pulsefill/ios/PulseFill/PulseFill */,
				21D452A12F90C0C500818129 /* puslefillTests */,
				21D452AB2F90C0C500818129 /* puslefillUITests */,
				21D4528E2F90C0C300818129 /* Products */,
			);
			sourceTree = "<group>";
		};
		21D4528E2F90C0C300818129 /* Products */ = {
			isa = PBXGroup;
			children = (
				21D4528D2F90C0C300818129 /* puslefill.app */,
				21D4529E2F90C0C500818129 /* puslefillTests.xctest */,
				21D452A82F90C0C500818129 /* puslefillUITests.xctest */,
			);
			name = Products;
			sourceTree = "<group>";
		};
		21D495152F91BD5700818129 /* Products */ = {
			isa = PBXGroup;
			children = (
			);
			name = Products;
			sourceTree = "<group>";
		};
/* End PBXGroup section */

/* Begin PBXNativeTarget section */
		21D4528C2F90C0C300818129 /* puslefill */ = {
			isa = PBXNativeTarget;
			buildConfigurationList = 21D452B12F90C0C500818129 /* Build configuration list for PBXNativeTarget "puslefill" */;
			buildPhases = (
				21D452892F90C0C300818129 /* Sources */,
				21D4528A2F90C0C300818129 /* Frameworks */,
				21D4528B2F90C0C300818129 /* Resources */,
			);
			buildRules = (
			);
			dependencies = (
			);
			fileSystemSynchronizedGroups = (
				21D4528F2F90C0C300818129 /* puslefill/pulsefill/ios/PulseFill/PulseFill */,
			);
			name = puslefill;
			packageProductDependencies = (
			);
			productName = puslefill;
			productReference = 21D4528D2F90C0C300818129 /* puslefill.app */;
			productType = "com.apple.product-type.application";
		};
		21D4529D2F90C0C500818129 /* puslefillTests */ = {
			isa = PBXNativeTarget;
			buildConfigurationList = 21D452B62F90C0C500818129 /* Build configuration list for PBXNativeTarget "puslefillTests" */;
			buildPhases = (
				21D4529A2F90C0C500818129 /* Sources */,
				21D4529B2F90C0C500818129 /* Frameworks */,
				21D4529C2F90C0C500818129 /* Resources */,
			);
			buildRules = (
			);
			dependencies = (
				21D452A02F90C0C500818129 /* PBXTargetDependency */,
			);
			fileSystemSynchronizedGroups = (
				21D452A12F90C0C500818129 /* puslefillTests */,
			);
			name = puslefillTests;
			packageProductDependencies = (
			);
			productName = puslefillTests;
			productReference = 21D4529E2F90C0C500818129 /* puslefillTests.xctest */;
			productType = "com.apple.product-type.bundle.unit-test";
		};
		21D452A72F90C0C500818129 /* puslefillUITests */ = {
			isa = PBXNativeTarget;
			buildConfigurationList = 21D452B92F90C0C500818129 /* Build configuration list for PBXNativeTarget "puslefillUITests" */;
			buildPhases = (
				21D452A42F90C0C500818129 /* Sources */,
				21D452A52F90C0C500818129 /* Frameworks */,
				21D452A62F90C0C500818129 /* Resources */,
			);
			buildRules = (
			);
			dependencies = (
				21D452AA2F90C0C500818129 /* PBXTargetDependency */,
			);
			fileSystemSynchronizedGroups = (
				21D452AB2F90C0C500818129 /* puslefillUITests */,
			);
			name = puslefillUITests;
			packageProductDependencies = (
			);
			productName = puslefillUITests;
			productReference = 21D452A82F90C0C500818129 /* puslefillUITests.xctest */;
			productType = "com.apple.product-type.bundle.ui-testing";
		};
/* End PBXNativeTarget section */

/* Begin PBXProject section */
		21D452852F90C0C300818129 /* Project object */ = {
			isa = PBXProject;
			attributes = {
				BuildIndependentTargetsInParallel = 1;
				LastSwiftUpdateCheck = 2630;
				LastUpgradeCheck = 2630;
				TargetAttributes = {
					21D4528C2F90C0C300818129 = {
						CreatedOnToolsVersion = 26.3;
					};
					21D4529D2F90C0C500818129 = {
						CreatedOnToolsVersion = 26.3;
						TestTargetID = 21D4528C2F90C0C300818129;
					};
					21D452A72F90C0C500818129 = {
						CreatedOnToolsVersion = 26.3;
						TestTargetID = 21D4528C2F90C0C300818129;
					};
				};
			};
			buildConfigurationList = 21D452882F90C0C300818129 /* Build configuration list for PBXProject "puslefill" */;
			developmentRegion = en;
			hasScannedForEncodings = 0;
			knownRegions = (
				en,
				Base,
			);
			mainGroup = 21D452842F90C0C300818129;
			minimizedProjectReferenceProxies = 1;
			preferredProjectObjectVersion = 77;
			productRefGroup = 21D4528E2F90C0C300818129 /* Products */;
			projectDirPath = "";
			projectReferences = (
				{
					ProductGroup = 21D495152F91BD5700818129 /* Products */;
					ProjectRef = 21D455E82F91BD5700818129 /* PulseFill.xcodeproj */;
				},
				{
					ProductGroup = 21151B1C2F94950900636523 /* Products */;
					ProjectRef = 2115DBE52F94950900636523 /* PulseFill.xcodeproj */;
				},
			);
			projectRoot = "";
			targets = (
				21D4528C2F90C0C300818129 /* puslefill */,
				21D4529D2F90C0C500818129 /* puslefillTests */,
				21D452A72F90C0C500818129 /* puslefillUITests */,
			);
		};
/* End PBXProject section */

/* Begin PBXResourcesBuildPhase section */
		21D4528B2F90C0C300818129 /* Resources */ = {
			isa = PBXResourcesBuildPhase;
			buildActionMask = 2147483647;
			files = (
			);
			runOnlyForDeploymentPostprocessing = 0;
		};
		21D4529C2F90C0C500818129 /* Resources */ = {
			isa = PBXResourcesBuildPhase;
			buildActionMask = 2147483647;
			files = (
			);
			runOnlyForDeploymentPostprocessing = 0;
		};
		21D452A62F90C0C500818129 /* Resources */ = {
			isa = PBXResourcesBuildPhase;
			buildActionMask = 2147483647;
			files = (
			);
			runOnlyForDeploymentPostprocessing = 0;
		};
/* End PBXResourcesBuildPhase section */

/* Begin PBXSourcesBuildPhase section */
		21D452892F90C0C300818129 /* Sources */ = {
			isa = PBXSourcesBuildPhase;
			buildActionMask = 2147483647;
			files = (
			);
			runOnlyForDeploymentPostprocessing = 0;
		};
		21D4529A2F90C0C500818129 /* Sources */ = {
			isa = PBXSourcesBuildPhase;
			buildActionMask = 2147483647;
			files = (
			);
			runOnlyForDeploymentPostprocessing = 0;
		};
		21D452A42F90C0C500818129 /* Sources */ = {
			isa = PBXSourcesBuildPhase;
			buildActionMask = 2147483647;
			files = (
			);
			runOnlyForDeploymentPostprocessing = 0;
		};
/* End PBXSourcesBuildPhase section */

/* Begin PBXTargetDependency section */
		21D452A02F90C0C500818129 /* PBXTargetDependency */ = {
			isa = PBXTargetDependency;
			target = 21D4528C2F90C0C300818129 /* puslefill */;
			targetProxy = 21D4529F2F90C0C500818129 /* PBXContainerItemProxy */;
		};
		21D452AA2F90C0C500818129 /* PBXTargetDependency */ = {
			isa = PBXTargetDependency;
			target = 21D4528C2F90C0C300818129 /* puslefill */;
			targetProxy = 21D452A92F90C0C500818129 /* PBXContainerItemProxy */;
		};
/* End PBXTargetDependency section */

/* Begin XCBuildConfiguration section */
		21D452B22F90C0C500818129 /* Debug */ = {
			isa = XCBuildConfiguration;
			buildSettings = {
				ASSETCATALOG_COMPILER_APPICON_NAME = AppIcon;
				ASSETCATALOG_COMPILER_GLOBAL_ACCENT_COLOR_NAME = AccentColor;
				CODE_SIGN_ENTITLEMENTS = puslefill/pulsefill/ios/PulseFill/PulseFill/PulseFill.entitlements;
				CODE_SIGN_STYLE = Automatic;
				CURRENT_PROJECT_VERSION = 1;
				DEVELOPMENT_TEAM = XR6D339C8V;
				ENABLE_PREVIEWS = YES;
				GENERATE_INFOPLIST_FILE = YES;
				INFOPLIST_FILE = puslefill/pulsefill/ios/PulseFill/PulseFill/Info.plist;
				INFOPLIST_KEY_UIApplicationSceneManifest_Generation = YES;
				INFOPLIST_KEY_UIApplicationSupportsIndirectInputEvents = YES;
				INFOPLIST_KEY_UILaunchScreen_Generation = YES;
				INFOPLIST_KEY_UISupportedInterfaceOrientations_iPad = "UIInterfaceOrientationPortrait UIInterfaceOrientationPortraitUpsideDown UIInterfaceOrientationLandscapeLeft UIInterfaceOrientationLandscapeRight";
				INFOPLIST_KEY_UISupportedInterfaceOrientations_iPhone = "UIInterfaceOrientationPortrait UIInterfaceOrientationLandscapeLeft UIInterfaceOrientationLandscapeRight";
				LD_RUNPATH_SEARCH_PATHS = (
					"$(inherited)",
					"@executable_path/Frameworks",
				);
				MARKETING_VERSION = 1.0;
				PRODUCT_BUNDLE_IDENTIFIER = cancellation.puslefill;
				PRODUCT_NAME = "$(TARGET_NAME)";
				STRING_CATALOG_GENERATE_SYMBOLS = YES;
				SWIFT_APPROACHABLE_CONCURRENCY = YES;
				SWIFT_DEFAULT_ACTOR_ISOLATION = MainActor;
				SWIFT_EMIT_LOC_STRINGS = YES;
				SWIFT_UPCOMING_FEATURE_MEMBER_IMPORT_VISIBILITY = YES;
				SWIFT_VERSION = 5.0;
				TARGETED_DEVICE_FAMILY = "1,2";
			};
			name = Debug;
		};
		21D452B32F90C0C500818129 /* Release */ = {
			isa = XCBuildConfiguration;
			buildSettings = {
				ASSETCATALOG_COMPILER_APPICON_NAME = AppIcon;
				ASSETCATALOG_COMPILER_GLOBAL_ACCENT_COLOR_NAME = AccentColor;
				CODE_SIGN_ENTITLEMENTS = puslefill/pulsefill/ios/PulseFill/PulseFill/PulseFill.entitlements;
				CODE_SIGN_STYLE = Automatic;
				CURRENT_PROJECT_VERSION = 1;
				DEVELOPMENT_TEAM = XR6D339C8V;
				ENABLE_PREVIEWS = YES;
				GENERATE_INFOPLIST_FILE = YES;
				INFOPLIST_FILE = puslefill/pulsefill/ios/PulseFill/PulseFill/Info.plist;
				INFOPLIST_KEY_UIApplicationSceneManifest_Generation = YES;
				INFOPLIST_KEY_UIApplicationSupportsIndirectInputEvents = YES;
				INFOPLIST_KEY_UILaunchScreen_Generation = YES;
				INFOPLIST_KEY_UISupportedInterfaceOrientations_iPad = "UIInterfaceOrientationPortrait UIInterfaceOrientationPortraitUpsideDown UIInterfaceOrientationLandscapeLeft UIInterfaceOrientationLandscapeRight";
				INFOPLIST_KEY_UISupportedInterfaceOrientations_iPhone = "UIInterfaceOrientationPortrait UIInterfaceOrientationLandscapeLeft UIInterfaceOrientationLandscapeRight";
				LD_RUNPATH_SEARCH_PATHS = (
					"$(inherited)",
					"@executable_path/Frameworks",
				);
				MARKETING_VERSION = 1.0;
				PRODUCT_BUNDLE_IDENTIFIER = cancellation.puslefill;
				PRODUCT_NAME = "$(TARGET_NAME)";
				STRING_CATALOG_GENERATE_SYMBOLS = YES;
				SWIFT_APPROACHABLE_CONCURRENCY = YES;
				SWIFT_DEFAULT_ACTOR_ISOLATION = MainActor;
				SWIFT_EMIT_LOC_STRINGS = YES;
				SWIFT_UPCOMING_FEATURE_MEMBER_IMPORT_VISIBILITY = YES;
				SWIFT_VERSION = 5.0;
				TARGETED_DEVICE_FAMILY = "1,2";
			};
			name = Release;
		};
		21D452B42F90C0C500818129 /* Debug */ = {
			isa = XCBuildConfiguration;
			buildSettings = {
				ALWAYS_SEARCH_USER_PATHS = NO;
				ASSETCATALOG_COMPILER_GENERATE_SWIFT_ASSET_SYMBOL_EXTENSIONS = YES;
				CLANG_ANALYZER_NONNULL = YES;
				CLANG_ANALYZER_NUMBER_OBJECT_CONVERSION = YES_AGGRESSIVE;
				CLANG_CXX_LANGUAGE_STANDARD = "gnu++20";
				CLANG_ENABLE_MODULES = YES;
				CLANG_ENABLE_OBJC_ARC = YES;
				CLANG_ENABLE_OBJC_WEAK = YES;
				CLANG_WARN_BLOCK_CAPTURE_AUTORELEASING = YES;
				CLANG_WARN_BOOL_CONVERSION = YES;
				CLANG_WARN_COMMA = YES;
				CLANG_WARN_CONSTANT_CONVERSION = YES;
				CLANG_WARN_DEPRECATED_OBJC_IMPLEMENTATIONS = YES;
				CLANG_WARN_DIRECT_OBJC_ISA_USAGE = YES_ERROR;
				CLANG_WARN_DOCUMENTATION_COMMENTS = YES;
				CLANG_WARN_EMPTY_BODY = YES;
				CLANG_WARN_ENUM_CONVERSION = YES;
				CLANG_WARN_INFINITE_RECURSION = YES;
				CLANG_WARN_INT_CONVERSION = YES;
				CLANG_WARN_NON_LITERAL_NULL_CONVERSION = YES;
				CLANG_WARN_OBJC_IMPLICIT_RETAIN_SELF = YES;
				CLANG_WARN_OBJC_LITERAL_CONVERSION = YES;
				CLANG_WARN_OBJC_ROOT_CLASS = YES_ERROR;
				CLANG_WARN_QUOTED_INCLUDE_IN_FRAMEWORK_HEADER = YES;
				CLANG_WARN_RANGE_LOOP_ANALYSIS = YES;
				CLANG_WARN_STRICT_PROTOTYPES = YES;
				CLANG_WARN_SUSPICIOUS_MOVE = YES;
				CLANG_WARN_UNGUARDED_AVAILABILITY = YES_AGGRESSIVE;
				CLANG_WARN_UNREACHABLE_CODE = YES;
				CLANG_WARN__DUPLICATE_METHOD_MATCH = YES;
				COPY_PHASE_STRIP = NO;
				DEBUG_INFORMATION_FORMAT = dwarf;
				DEVELOPMENT_TEAM = XR6D339C8V;
				ENABLE_STRICT_OBJC_MSGSEND = YES;
				ENABLE_TESTABILITY = YES;
				ENABLE_USER_SCRIPT_SANDBOXING = YES;
				GCC_C_LANGUAGE_STANDARD = gnu17;
				GCC_DYNAMIC_NO_PIC = NO;
				GCC_NO_COMMON_BLOCKS = YES;
				GCC_OPTIMIZATION_LEVEL = 0;
				GCC_PREPROCESSOR_DEFINITIONS = (
					"DEBUG=1",
					"$(inherited)",
				);
				GCC_WARN_64_TO_32_BIT_CONVERSION = YES;
				GCC_WARN_ABOUT_RETURN_TYPE = YES_ERROR;
				GCC_WARN_UNDECLARED_SELECTOR = YES;
				GCC_WARN_UNINITIALIZED_AUTOS = YES_AGGRESSIVE;
				GCC_WARN_UNUSED_FUNCTION = YES;
				GCC_WARN_UNUSED_VARIABLE = YES;
				IPHONEOS_DEPLOYMENT_TARGET = 26.2;
				LOCALIZATION_PREFERS_STRING_CATALOGS = YES;
				MTL_ENABLE_DEBUG_INFO = INCLUDE_SOURCE;
				MTL_FAST_MATH = YES;
				ONLY_ACTIVE_ARCH = YES;
				SDKROOT = iphoneos;
				SWIFT_ACTIVE_COMPILATION_CONDITIONS = "DEBUG $(inherited)";
				SWIFT_OPTIMIZATION_LEVEL = "-Onone";
			};
			name = Debug;
		};
		21D452B52F90C0C500818129 /* Release */ = {
			isa = XCBuildConfiguration;
			buildSettings = {
				ALWAYS_SEARCH_USER_PATHS = NO;
				ASSETCATALOG_COMPILER_GENERATE_SWIFT_ASSET_SYMBOL_EXTENSIONS = YES;
				CLANG_ANALYZER_NONNULL = YES;
				CLANG_ANALYZER_NUMBER_OBJECT_CONVERSION = YES_AGGRESSIVE;
				CLANG_CXX_LANGUAGE_STANDARD = "gnu++20";
				CLANG_ENABLE_MODULES = YES;
				CLANG_ENABLE_OBJC_ARC = YES;
				CLANG_ENABLE_OBJC_WEAK = YES;
				CLANG_WARN_BLOCK_CAPTURE_AUTORELEASING = YES;
				CLANG_WARN_BOOL_CONVERSION = YES;
				CLANG_WARN_COMMA = YES;
				CLANG_WARN_CONSTANT_CONVERSION = YES;
				CLANG_WARN_DEPRECATED_OBJC_IMPLEMENTATIONS = YES;
				CLANG_WARN_DIRECT_OBJC_ISA_USAGE = YES_ERROR;
				CLANG_WARN_DOCUMENTATION_COMMENTS = YES;
				CLANG_WARN_EMPTY_BODY = YES;
				CLANG_WARN_ENUM_CONVERSION = YES;
				CLANG_WARN_INFINITE_RECURSION = YES;
				CLANG_WARN_INT_CONVERSION = YES;
				CLANG_WARN_NON_LITERAL_NULL_CONVERSION = YES;
				CLANG_WARN_OBJC_IMPLICIT_RETAIN_SELF = YES;
				CLANG_WARN_OBJC_LITERAL_CONVERSION = YES;
				CLANG_WARN_OBJC_ROOT_CLASS = YES_ERROR;
				CLANG_WARN_QUOTED_INCLUDE_IN_FRAMEWORK_HEADER = YES;
				CLANG_WARN_RANGE_LOOP_ANALYSIS = YES;
				CLANG_WARN_STRICT_PROTOTYPES = YES;
				CLANG_WARN_SUSPICIOUS_MOVE = YES;
				CLANG_WARN_UNGUARDED_AVAILABILITY = YES_AGGRESSIVE;
				CLANG_WARN_UNREACHABLE_CODE = YES;
				CLANG_WARN__DUPLICATE_METHOD_MATCH = YES;
				COPY_PHASE_STRIP = NO;
				DEBUG_INFORMATION_FORMAT = "dwarf-with-dsym";
				DEVELOPMENT_TEAM = XR6D339C8V;
				ENABLE_NS_ASSERTIONS = NO;
				ENABLE_STRICT_OBJC_MSGSEND = YES;
				ENABLE_USER_SCRIPT_SANDBOXING = YES;
				GCC_C_LANGUAGE_STANDARD = gnu17;
				GCC_NO_COMMON_BLOCKS = YES;
				GCC_WARN_64_TO_32_BIT_CONVERSION = YES;
				GCC_WARN_ABOUT_RETURN_TYPE = YES_ERROR;
				GCC_WARN_UNDECLARED_SELECTOR = YES;
				GCC_WARN_UNINITIALIZED_AUTOS = YES_AGGRESSIVE;
				GCC_WARN_UNUSED_FUNCTION = YES;
				GCC_WARN_UNUSED_VARIABLE = YES;
				IPHONEOS_DEPLOYMENT_TARGET = 26.2;
				LOCALIZATION_PREFERS_STRING_CATALOGS = YES;
				MTL_ENABLE_DEBUG_INFO = NO;
				MTL_FAST_MATH = YES;
				SDKROOT = iphoneos;
				SWIFT_COMPILATION_MODE = wholemodule;
				VALIDATE_PRODUCT = YES;
			};
			name = Release;
		};
		21D452B72F90C0C500818129 /* Debug */ = {
			isa = XCBuildConfiguration;
			buildSettings = {
				BUNDLE_LOADER = "$(TEST_HOST)";
				CODE_SIGN_STYLE = Automatic;
				CURRENT_PROJECT_VERSION = 1;
				DEVELOPMENT_TEAM = XR6D339C8V;
				GENERATE_INFOPLIST_FILE = YES;
				IPHONEOS_DEPLOYMENT_TARGET = 26.2;
				MARKETING_VERSION = 1.0;
				PRODUCT_BUNDLE_IDENTIFIER = cancellation.puslefillTests;
				PRODUCT_NAME = "$(TARGET_NAME)";
				STRING_CATALOG_GENERATE_SYMBOLS = NO;
				SWIFT_APPROACHABLE_CONCURRENCY = YES;
				SWIFT_EMIT_LOC_STRINGS = NO;
				SWIFT_UPCOMING_FEATURE_MEMBER_IMPORT_VISIBILITY = YES;
				SWIFT_VERSION = 5.0;
				TARGETED_DEVICE_FAMILY = "1,2";
				TEST_HOST = "$(BUILT_PRODUCTS_DIR)/puslefill.app/$(BUNDLE_EXECUTABLE_FOLDER_PATH)/puslefill";
			};
			name = Debug;
		};
		21D452B82F90C0C500818129 /* Release */ = {
			isa = XCBuildConfiguration;
			buildSettings = {
				BUNDLE_LOADER = "$(TEST_HOST)";
				CODE_SIGN_STYLE = Automatic;
				CURRENT_PROJECT_VERSION = 1;
				DEVELOPMENT_TEAM = XR6D339C8V;
				GENERATE_INFOPLIST_FILE = YES;
				IPHONEOS_DEPLOYMENT_TARGET = 26.2;
				MARKETING_VERSION = 1.0;
				PRODUCT_BUNDLE_IDENTIFIER = cancellation.puslefillTests;
				PRODUCT_NAME = "$(TARGET_NAME)";
				STRING_CATALOG_GENERATE_SYMBOLS = NO;
				SWIFT_APPROACHABLE_CONCURRENCY = YES;
				SWIFT_EMIT_LOC_STRINGS = NO;
				SWIFT_UPCOMING_FEATURE_MEMBER_IMPORT_VISIBILITY = YES;
				SWIFT_VERSION = 5.0;
				TARGETED_DEVICE_FAMILY = "1,2";
				TEST_HOST = "$(BUILT_PRODUCTS_DIR)/puslefill.app/$(BUNDLE_EXECUTABLE_FOLDER_PATH)/puslefill";
			};
			name = Release;
		};
		21D452BA2F90C0C500818129 /* Debug */ = {
			isa = XCBuildConfiguration;
			buildSettings = {
				CODE_SIGN_STYLE = Automatic;
				CURRENT_PROJECT_VERSION = 1;
				DEVELOPMENT_TEAM = XR6D339C8V;
				GENERATE_INFOPLIST_FILE = YES;
				MARKETING_VERSION = 1.0;
				PRODUCT_BUNDLE_IDENTIFIER = cancellation.puslefillUITests;
				PRODUCT_NAME = "$(TARGET_NAME)";
				STRING_CATALOG_GENERATE_SYMBOLS = NO;
				SWIFT_APPROACHABLE_CONCURRENCY = YES;
				SWIFT_EMIT_LOC_STRINGS = NO;
				SWIFT_UPCOMING_FEATURE_MEMBER_IMPORT_VISIBILITY = YES;
				SWIFT_VERSION = 5.0;
				TARGETED_DEVICE_FAMILY = "1,2";
				TEST_TARGET_NAME = puslefill;
			};
			name = Debug;
		};
		21D452BB2F90C0C500818129 /* Release */ = {
			isa = XCBuildConfiguration;
			buildSettings = {
				CODE_SIGN_STYLE = Automatic;
				CURRENT_PROJECT_VERSION = 1;
				DEVELOPMENT_TEAM = XR6D339C8V;
				GENERATE_INFOPLIST_FILE = YES;
				MARKETING_VERSION = 1.0;
				PRODUCT_BUNDLE_IDENTIFIER = cancellation.puslefillUITests;
				PRODUCT_NAME = "$(TARGET_NAME)";
				STRING_CATALOG_GENERATE_SYMBOLS = NO;
				SWIFT_APPROACHABLE_CONCURRENCY = YES;
				SWIFT_EMIT_LOC_STRINGS = NO;
				SWIFT_UPCOMING_FEATURE_MEMBER_IMPORT_VISIBILITY = YES;
				SWIFT_VERSION = 5.0;
				TARGETED_DEVICE_FAMILY = "1,2";
				TEST_TARGET_NAME = puslefill;
			};
			name = Release;
		};
/* End XCBuildConfiguration section */

/* Begin XCConfigurationList section */
		21D452882F90C0C300818129 /* Build configuration list for PBXProject "puslefill" */ = {
			isa = XCConfigurationList;
			buildConfigurations = (
				21D452B42F90C0C500818129 /* Debug */,
				21D452B52F90C0C500818129 /* Release */,
			);
			defaultConfigurationIsVisible = 0;
			defaultConfigurationName = Release;
		};
		21D452B12F90C0C500818129 /* Build configuration list for PBXNativeTarget "puslefill" */ = {
			isa = XCConfigurationList;
			buildConfigurations = (
				21D452B22F90C0C500818129 /* Debug */,
				21D452B32F90C0C500818129 /* Release */,
			);
			defaultConfigurationIsVisible = 0;
			defaultConfigurationName = Release;
		};
		21D452B62F90C0C500818129 /* Build configuration list for PBXNativeTarget "puslefillTests" */ = {
			isa = XCConfigurationList;
			buildConfigurations = (
				21D452B72F90C0C500818129 /* Debug */,
				21D452B82F90C0C500818129 /* Release */,
			);
			defaultConfigurationIsVisible = 0;
			defaultConfigurationName = Release;
		};
		21D452B92F90C0C500818129 /* Build configuration list for PBXNativeTarget "puslefillUITests" */ = {
			isa = XCConfigurationList;
			buildConfigurations = (
				21D452BA2F90C0C500818129 /* Debug */,
				21D452BB2F90C0C500818129 /* Release */,
			);
			defaultConfigurationIsVisible = 0;
			defaultConfigurationName = Release;
		};
/* End XCConfigurationList section */
	};
	rootObject = 21D452852F90C0C300818129 /* Project object */;
}
